
Microsoft Visual Studio Solution File, Format Version 12.00
# Visual Studio Version 17
VisualStudioVersion = 17.7.34024.191
MinimumVisualStudioVersion = 10.0.40219.1
Project("{9A19103F-16F7-4668-BE54-9A1E7A4F7556}") = "Entities", "Entities\Entities.csproj", "{19BD841D-419A-4D40-AB68-72558E65AC98}"
EndProject
Project("{9A19103F-16F7-4668-BE54-9A1E7A4F7556}") = "DataAccess", "DataAccess\DataAccess.csproj", "{1FCC76F5-DE31-48AC-A2E7-1D1CA2127BCF}"
EndProject
Project("{9A19103F-16F7-4668-BE54-9A1E7A4F7556}") = "Business", "Business\Business.csproj", "{C19C491F-F3B1-43FE-A706-3DE6CDE25A50}"
EndProject
Project("{9A19103F-16F7-4668-BE54-9A1E7A4F7556}") = "ConsoleUI", "ConsoleUI\ConsoleUI.csproj", "{404F773F-B881-4B0C-8FBC-ADB63749EC1F}"
EndProject
Project("{9A19103F-16F7-4668-BE54-9A1E7A4F7556}") = "Core", "Core\Core.csproj", "{00A4787E-A589-4981-AC50-CF479DE8CD3B}"
EndProject
Project("{FAE04EC0-301F-11D3-BF4B-00C04F79EFBC}") = "WebAPI", "WebAPI\WebAPI.csproj", "{8C82E902-E832-4188-92C8-89333D5F806D}"
EndProject
Global
	GlobalSection(SolutionConfigurationPlatforms) = preSolution
		Debug|Any CPU = Debug|Any CPU
		Release|Any CPU = Release|Any CPU
	EndGlobalSection
	GlobalSection(ProjectConfigurationPlatforms) = postSolution
		{19BD841D-419A-4D40-AB68-72558E65AC98}.Debug|Any CPU.ActiveCfg = Debug|Any CPU
		{19BD841D-419A-4D40-AB68-72558E65AC98}.Debug|Any CPU.Build.0 = Debug|Any CPU
		{19BD841D-419A-4D40-AB68-72558E65AC98}.Release|Any CPU.ActiveCfg = Release|Any CPU
		{19BD841D-419A-4D40-AB68-72558E65AC98}.Release|Any CPU.Build.0 = Release|Any CPU
		{1FCC76F5-DE31-48AC-A2E7-1D1CA2127BCF}.Debug|Any CPU.ActiveCfg = Debug|Any CPU
		{1FCC76F5-DE31-48AC-A2E7-1D1CA2127BCF}.Debug|Any CPU.Build.0 = Debug|Any CPU
		{1FCC76F5-DE31-48AC-A2E7-1D1CA2127BCF}.Release|Any CPU.ActiveCfg = Release|Any CPU
		{1FCC76F5-DE31-48AC-A2E7-1D1CA2127BCF}.Release|Any CPU.Build.0 = Release|Any CPU
		{C19C491F-F3B1-43FE-A706-3DE6CDE25A50}.Debug|Any CPU.ActiveCfg = Debug|Any CPU
		{C19C491F-F3B1-43FE-A706-3DE6CDE25A50}.Debug|Any CPU.Build.0 = Debug|Any CPU
		{C19C491F-F3B1-43FE-A706-3DE6CDE25A50}.Release|Any CPU.ActiveCfg = Release|Any CPU
		{C19C491F-F3B1-43FE-A706-3DE6CDE25A50}.Release|Any CPU.Build.0 = Release|Any CPU
		{404F773F-B881-4B0C-8FBC-ADB63749EC1F}.Debug|Any CPU.ActiveCfg = Debug|Any CPU
		{404F773F-B881-4B0C-8FBC-ADB63749EC1F}.Debug|Any CPU.Build.0 = Debug|Any CPU
		{404F773F-B881-4B0C-8FBC-ADB63749EC1F}.Release|Any CPU.ActiveCfg = Release|Any CPU
		{404F773F-B881-4B0C-8FBC-ADB63749EC1F}.Release|Any CPU.Build.0 = Release|Any CPU
		{00A4787E-A589-4981-AC50-CF479DE8CD3B}.Debug|Any CPU.ActiveCfg = Debug|Any CPU
		{00A4787E-A589-4981-AC50-CF479DE8CD3B}.Debug|Any CPU.Build.0 = Debug|Any CPU
		{00A4787E-A589-4981-AC50-CF479DE8CD3B}.Release|Any CPU.ActiveCfg = Release|Any CPU
		{00A4787E-A589-4981-AC50-CF479DE8CD3B}.Release|Any CPU.Build.0 = Release|Any CPU
		{8C82E902-E832-4188-92C8-89333D5F806D}.Debug|Any CPU.ActiveCfg = Debug|Any CPU
		{8C82E902-E832-4188-92C8-89333D5F806D}.Debug|Any CPU.Build.0 = Debug|Any CPU
		{8C82E902-E832-4188-92C8-89333D5F806D}.Release|Any CPU.ActiveCfg = Release|Any CPU
		{8C82E902-E832-4188-92C8-89333D5F806D}.Release|Any CPU.Build.0 = Release|Any CPU
	EndGlobalSection
	GlobalSection(SolutionProperties) = preSolution
		HideSolutionNode = FALSE
	EndGlobalSection
	GlobalSection(ExtensibilityGlobals) = postSolution
		SolutionGuid = {DAFF9962-4AA8-426A-BB28-F413B748A0BB}
	EndGlobalSection
EndGlobal
